{
  "version": 4,
  "terraform_version": "1.5.0",
  "serial": 90,
  "lineage": "ab7b67c2-ede8-2c84-2aff-b88edc738983",
  "outputs": {
    "public_ip_address": {
      "value": "Linux-vm-1: 20.204.166.107",
      "type": "string"
    }
  },
  "resources": [
    {
      "mode": "data",
      "type": "azurerm_public_ip",
      "name": "sairaj-ip-data",
      "provider": "provider[\"registry.terraform.io/hashicorp/azurerm\"]",
      "instances": [
        {
          "schema_version": 0,
          "attributes": {
            "allocation_method": "Dynamic",
            "domain_name_label": "",
            "fqdn": "",
            "id": "/subscriptions/0d9042d5-8a0b-4324-b11b-6995dd814e05/resourceGroups/sairaj-resources/providers/Microsoft.Network/publicIPAddresses/sairaj-ip",
            "idle_timeout_in_minutes": 4,
            "ip_address": "20.204.166.107",
            "ip_tags": {},
            "ip_version": "IPv4",
            "location": "centralindia",
            "name": "sairaj-ip",
            "resource_group_name": "sairaj-resources",
            "reverse_fqdn": "",
            "sku": "Basic",
            "tags": {
              "environment": "dev"
            },
            "timeouts": null,
            "zones": []
          },
          "sensitive_attributes": []
        }
      ]
    },
    {
      "mode": "managed",
      "type": "azurerm_linux_virtual_machine",
      "name": "sairaj-linux-vm",
      "provider": "provider[\"registry.terraform.io/hashicorp/azurerm\"]",
      "instances": [
        {
          "schema_version": 0,
          "attributes": {
            "additional_capabilities": [],
            "admin_password": null,
            "admin_ssh_key": [
              {
                "public_key": "ssh-rsa AAAAB3NzaC1yc2EAAAADAQABAAABgQDGeZ7wbJgE6KKz903goLqOzwr85wQK5K+y6t3dKl6Hna8jed7TnFAQq25Tuf5aq4niwWQ7/4epkI+Q4Oa462sq34btrOV0qI0qWAvPBHfhjXzoFTuXOHupbwjujKPzdahRL6O1VyBgC1+/GFcmtaOprZ4Qb3lrlk7jYx9SRWn0Fk1wr9fFBd91lT25/8L+5XyKaSTTq0gg1J6gACqKr7hpud/9mGMf1y5Cl3kJnbMMsyy9xGXJLVE2MmENsCuPTvWWN20QYhnvqtGF3cUTqlc+dsriPr72Zrm7ofDI0ATsn44Ka/ZJ9l5i0WXGHQ9SPHynbyCYCuULIqUtFsyY6cTWajNYwA1YsU03mUyULjuwtCPIFRbXFZvFr9r0PTqQSYtvzptRq15/N1+zrQfBbLFSUuvORzplnk9UGyyPGKiNUdj5sd+Nm5pQXtMpkYH4/F6521N36yk5VBqN5xSNctJQQxeUnt6fMnd7LQVvPtVVZWc8sb3WJhDqDBnnrt3J8hM= corp\\sairaj.magar@ESDS05434SM\r\n",
                "username": "testuser"
              }
            ],
            "admin_username": "testuser",
            "allow_extension_operations": true,
            "availability_set_id": "",
            "boot_diagnostics": [],
            "computer_name": "Linux-vm-1",
            "custom_data": "IyEvYmluL2Jhc2gNCg0KIyBVcGRhdGUgdGhlIHN5c3RlbQ0Kc3VkbyB5dW0gdXBkYXRlIC15DQoNCiMgSW5zdGFsbCByZXF1aXJlZCBwYWNrYWdlcw0Kc3VkbyB5dW0gaW5zdGFsbCAteSB5dW0tdXRpbHMgZGV2aWNlLW1hcHBlci1wZXJzaXN0ZW50LWRhdGEgbHZtMg0KDQojIENvbmZpZ3VyZSBEb2NrZXIgcmVwb3NpdG9yeQ0Kc3VkbyB5dW0tY29uZmlnLW1hbmFnZXIgLS1hZGQtcmVwbyBodHRwczovL2Rvd25sb2FkLmRvY2tlci5jb20vbGludXgvY2VudG9zL2RvY2tlci1jZS5yZXBvDQoNCiMgSW5zdGFsbCBEb2NrZXINCnN1ZG8geXVtIGluc3RhbGwgLXkgZG9ja2VyLWNlDQoNCiMgU3RhcnQgYW5kIGVuYWJsZSBEb2NrZXINCnN1ZG8gc3lzdGVtY3RsIHN0YXJ0IGRvY2tlcg0Kc3VkbyBzeXN0ZW1jdGwgZW5hYmxlIGRvY2tlcg0KDQojIEFkZCB0aGUgY3VycmVudCB1c2VyIHRvIHRoZSAnZG9ja2VyJyBncm91cA0Kc3VkbyB1c2VybW9kIC1hRyBkb2NrZXIgdGVzdHVzZXINCg0KIyBFbmFibGUgRG9ja2VyIHRvIHN0YXJ0IG9uIHN5c3RlbSBib290DQpzdWRvIHN5c3RlbWN0bCBlbmFibGUgZG9ja2VyDQoNCiMgUHJpbnQgRG9ja2VyIHZlcnNpb24NCiNkb2NrZXIgdmVyc2lvbg==",
            "dedicated_host_id": "",
            "disable_password_authentication": true,
            "encryption_at_host_enabled": false,
            "eviction_policy": "",
            "extensions_time_budget": "PT1H30M",
            "id": "/subscriptions/0d9042d5-8a0b-4324-b11b-6995dd814e05/resourceGroups/sairaj-resources/providers/Microsoft.Compute/virtualMachines/Linux-vm-1",
            "identity": [],
            "license_type": "",
            "location": "centralindia",
            "max_bid_price": -1,
            "name": "Linux-vm-1",
            "network_interface_ids": [
              "/subscriptions/0d9042d5-8a0b-4324-b11b-6995dd814e05/resourceGroups/sairaj-resources/providers/Microsoft.Network/networkInterfaces/sairaj-nic1"
            ],
            "os_disk": [
              {
                "caching": "ReadWrite",
                "diff_disk_settings": [],
                "disk_encryption_set_id": "",
                "disk_size_gb": 30,
                "name": "Linux-vm-1_OsDisk_1_80563b4a08074a39b7e87e88ac12849d",
                "storage_account_type": "Standard_LRS",
                "write_accelerator_enabled": false
              }
            ],
            "patch_mode": "ImageDefault",
            "plan": [],
            "platform_fault_domain": -1,
            "priority": "Regular",
            "private_ip_address": "10.123.1.4",
            "private_ip_addresses": [
              "10.123.1.4"
            ],
            "provision_vm_agent": true,
            "proximity_placement_group_id": "",
            "public_ip_address": "20.204.166.107",
            "public_ip_addresses": [
              "20.204.166.107"
            ],
            "resource_group_name": "sairaj-resources",
            "secret": [],
            "secure_boot_enabled": false,
            "size": "Standard_B1s",
            "source_image_id": "",
            "source_image_reference": [
              {
                "offer": "CentOS",
                "publisher": "OpenLogic",
                "sku": "7.5",
                "version": "latest"
              }
            ],
            "tags": {
              "environment": "dev"
            },
            "timeouts": null,
            "user_data": "",
            "virtual_machine_id": "e55cadef-2f90-48b6-b08b-4f591d7846ed",
            "virtual_machine_scale_set_id": "",
            "vtpm_enabled": false,
            "zone": ""
          },
          "sensitive_attributes": [],
          "private": "eyJlMmJmYjczMC1lY2FhLTExZTYtOGY4OC0zNDM2M2JjN2M0YzAiOnsiY3JlYXRlIjoyNzAwMDAwMDAwMDAwLCJkZWxldGUiOjI3MDAwMDAwMDAwMDAsInJlYWQiOjMwMDAwMDAwMDAwMCwidXBkYXRlIjoyNzAwMDAwMDAwMDAwfX0=",
          "dependencies": [
            "azurerm_network_interface.sairaj-nic",
            "azurerm_public_ip.sairaj-pip",
            "azurerm_resource_group.sairaj-rg",
            "azurerm_subnet.sairaj-subnet",
            "azurerm_virtual_network.sairaj-vn"
          ]
        }
      ]
    },
    {
      "mode": "managed",
      "type": "azurerm_network_interface",
      "name": "sairaj-nic",
      "provider": "provider[\"registry.terraform.io/hashicorp/azurerm\"]",
      "instances": [
        {
          "schema_version": 0,
          "attributes": {
            "applied_dns_servers": [],
            "dns_servers": [],
            "enable_accelerated_networking": false,
            "enable_ip_forwarding": false,
            "id": "/subscriptions/0d9042d5-8a0b-4324-b11b-6995dd814e05/resourceGroups/sairaj-resources/providers/Microsoft.Network/networkInterfaces/sairaj-nic1",
            "internal_dns_name_label": "",
            "internal_domain_name_suffix": "5hg4xtfpuvxebetmpsdmgaa2gf.rx.internal.cloudapp.net",
            "ip_configuration": [
              {
                "gateway_load_balancer_frontend_ip_configuration_id": "",
                "name": "internal",
                "primary": true,
                "private_ip_address": "10.123.1.4",
                "private_ip_address_allocation": "Dynamic",
                "private_ip_address_version": "IPv4",
                "public_ip_address_id": "/subscriptions/0d9042d5-8a0b-4324-b11b-6995dd814e05/resourceGroups/sairaj-resources/providers/Microsoft.Network/publicIPAddresses/sairaj-ip",
                "subnet_id": "/subscriptions/0d9042d5-8a0b-4324-b11b-6995dd814e05/resourceGroups/sairaj-resources/providers/Microsoft.Network/virtualNetworks/sairaj-network/subnets/sairaj-subnet"
              }
            ],
            "location": "centralindia",
            "mac_address": "60-45-BD-AD-28-5B",
            "name": "sairaj-nic1",
            "private_ip_address": "10.123.1.4",
            "private_ip_addresses": [
              "10.123.1.4"
            ],
            "resource_group_name": "sairaj-resources",
            "tags": {
              "environment": "dev"
            },
            "timeouts": null,
            "virtual_machine_id": "/subscriptions/0d9042d5-8a0b-4324-b11b-6995dd814e05/resourceGroups/sairaj-resources/providers/Microsoft.Compute/virtualMachines/Linux-vm-1"
          },
          "sensitive_attributes": [],
          "private": "eyJlMmJmYjczMC1lY2FhLTExZTYtOGY4OC0zNDM2M2JjN2M0YzAiOnsiY3JlYXRlIjoxODAwMDAwMDAwMDAwLCJkZWxldGUiOjE4MDAwMDAwMDAwMDAsInJlYWQiOjMwMDAwMDAwMDAwMCwidXBkYXRlIjoxODAwMDAwMDAwMDAwfX0=",
          "dependencies": [
            "azurerm_public_ip.sairaj-pip",
            "azurerm_resource_group.sairaj-rg",
            "azurerm_subnet.sairaj-subnet",
            "azurerm_virtual_network.sairaj-vn"
          ]
        }
      ]
    },
    {
      "mode": "managed",
      "type": "azurerm_network_security_group",
      "name": "sairaj-nsg",
      "provider": "provider[\"registry.terraform.io/hashicorp/azurerm\"]",
      "instances": [
        {
          "schema_version": 0,
          "attributes": {
            "id": "/subscriptions/0d9042d5-8a0b-4324-b11b-6995dd814e05/resourceGroups/sairaj-resources/providers/Microsoft.Network/networkSecurityGroups/sairaj-sg",
            "location": "centralindia",
            "name": "sairaj-sg",
            "resource_group_name": "sairaj-resources",
            "security_rule": [
              {
                "access": "Allow",
                "description": "",
                "destination_address_prefix": "*",
                "destination_address_prefixes": [],
                "destination_application_security_group_ids": [],
                "destination_port_range": "*",
                "destination_port_ranges": [],
                "direction": "Inbound",
                "name": "sairaj-dev1-rule",
                "priority": 100,
                "protocol": "*",
                "source_address_prefix": "115.124.115.69",
                "source_address_prefixes": [],
                "source_application_security_group_ids": [],
                "source_port_range": "*",
                "source_port_ranges": []
              }
            ],
            "tags": {
              "environment": "dev"
            },
            "timeouts": null
          },
          "sensitive_attributes": [],
          "private": "eyJlMmJmYjczMC1lY2FhLTExZTYtOGY4OC0zNDM2M2JjN2M0YzAiOnsiY3JlYXRlIjoxODAwMDAwMDAwMDAwLCJkZWxldGUiOjE4MDAwMDAwMDAwMDAsInJlYWQiOjMwMDAwMDAwMDAwMCwidXBkYXRlIjoxODAwMDAwMDAwMDAwfX0=",
          "dependencies": [
            "azurerm_resource_group.sairaj-rg"
          ]
        }
      ]
    },
    {
      "mode": "managed",
      "type": "azurerm_network_security_rule",
      "name": "sairaj-dev-rule",
      "provider": "provider[\"registry.terraform.io/hashicorp/azurerm\"]",
      "instances": [
        {
          "schema_version": 0,
          "attributes": {
            "access": "Allow",
            "description": "",
            "destination_address_prefix": "*",
            "destination_address_prefixes": [],
            "destination_application_security_group_ids": [],
            "destination_port_range": "*",
            "destination_port_ranges": [],
            "direction": "Inbound",
            "id": "/subscriptions/0d9042d5-8a0b-4324-b11b-6995dd814e05/resourceGroups/sairaj-resources/providers/Microsoft.Network/networkSecurityGroups/sairaj-sg/securityRules/sairaj-dev1-rule",
            "name": "sairaj-dev1-rule",
            "network_security_group_name": "sairaj-sg",
            "priority": 100,
            "protocol": "*",
            "resource_group_name": "sairaj-resources",
            "source_address_prefix": "115.124.115.69",
            "source_address_prefixes": [],
            "source_application_security_group_ids": [],
            "source_port_range": "*",
            "source_port_ranges": [],
            "timeouts": null
          },
          "sensitive_attributes": [],
          "private": "eyJlMmJmYjczMC1lY2FhLTExZTYtOGY4OC0zNDM2M2JjN2M0YzAiOnsiY3JlYXRlIjoxODAwMDAwMDAwMDAwLCJkZWxldGUiOjE4MDAwMDAwMDAwMDAsInJlYWQiOjMwMDAwMDAwMDAwMCwidXBkYXRlIjoxODAwMDAwMDAwMDAwfX0=",
          "dependencies": [
            "azurerm_network_security_group.sairaj-nsg",
            "azurerm_resource_group.sairaj-rg"
          ]
        }
      ]
    },
    {
      "mode": "managed",
      "type": "azurerm_public_ip",
      "name": "sairaj-pip",
      "provider": "provider[\"registry.terraform.io/hashicorp/azurerm\"]",
      "instances": [
        {
          "schema_version": 0,
          "attributes": {
            "allocation_method": "Dynamic",
            "availability_zone": "No-Zone",
            "domain_name_label": null,
            "fqdn": null,
            "id": "/subscriptions/0d9042d5-8a0b-4324-b11b-6995dd814e05/resourceGroups/sairaj-resources/providers/Microsoft.Network/publicIPAddresses/sairaj-ip",
            "idle_timeout_in_minutes": 4,
            "ip_address": "20.204.166.107",
            "ip_tags": {},
            "ip_version": "IPv4",
            "location": "centralindia",
            "name": "sairaj-ip",
            "public_ip_prefix_id": null,
            "resource_group_name": "sairaj-resources",
            "reverse_fqdn": null,
            "sku": "Basic",
            "sku_tier": "Regional",
            "tags": {
              "environment": "dev"
            },
            "timeouts": null,
            "zones": []
          },
          "sensitive_attributes": [],
          "private": "eyJlMmJmYjczMC1lY2FhLTExZTYtOGY4OC0zNDM2M2JjN2M0YzAiOnsiY3JlYXRlIjoxODAwMDAwMDAwMDAwLCJkZWxldGUiOjE4MDAwMDAwMDAwMDAsInJlYWQiOjMwMDAwMDAwMDAwMCwidXBkYXRlIjoxODAwMDAwMDAwMDAwfX0=",
          "dependencies": [
            "azurerm_resource_group.sairaj-rg"
          ]
        }
      ]
    },
    {
      "mode": "managed",
      "type": "azurerm_resource_group",
      "name": "sairaj-rg",
      "provider": "provider[\"registry.terraform.io/hashicorp/azurerm\"]",
      "instances": [
        {
          "schema_version": 0,
          "attributes": {
            "id": "/subscriptions/0d9042d5-8a0b-4324-b11b-6995dd814e05/resourceGroups/sairaj-resources",
            "location": "centralindia",
            "name": "sairaj-resources",
            "tags": {
              "environment": "dev"
            },
            "timeouts": null
          },
          "sensitive_attributes": [],
          "private": "eyJlMmJmYjczMC1lY2FhLTExZTYtOGY4OC0zNDM2M2JjN2M0YzAiOnsiY3JlYXRlIjo1NDAwMDAwMDAwMDAwLCJkZWxldGUiOjU0MDAwMDAwMDAwMDAsInJlYWQiOjMwMDAwMDAwMDAwMCwidXBkYXRlIjo1NDAwMDAwMDAwMDAwfX0="
        }
      ]
    },
    {
      "mode": "managed",
      "type": "azurerm_storage_account",
      "name": "sairaj-storage",
      "provider": "provider[\"registry.terraform.io/hashicorp/azurerm\"]",
      "instances": [
        {
          "schema_version": 2,
          "attributes": {
            "access_tier": "Hot",
            "account_kind": "StorageV2",
            "account_replication_type": "LRS",
            "account_tier": "Standard",
            "allow_blob_public_access": false,
            "azure_files_authentication": [],
            "blob_properties": [
              {
                "change_feed_enabled": false,
                "container_delete_retention_policy": [],
                "cors_rule": [],
                "default_service_version": "",
                "delete_retention_policy": [],
                "last_access_time_enabled": false,
                "versioning_enabled": false
              }
            ],
            "custom_domain": [],
            "enable_https_traffic_only": true,
            "id": "/subscriptions/0d9042d5-8a0b-4324-b11b-6995dd814e05/resourceGroups/sairaj-resources/providers/Microsoft.Storage/storageAccounts/sairajstorage1",
            "identity": [],
            "is_hns_enabled": false,
            "large_file_share_enabled": null,
            "location": "centralindia",
            "min_tls_version": "TLS1_0",
            "name": "sairajstorage1",
            "network_rules": [
              {
                "bypass": [
                  "AzureServices"
                ],
                "default_action": "Allow",
                "ip_rules": [],
                "private_link_access": [],
                "virtual_network_subnet_ids": []
              }
            ],
            "nfsv3_enabled": false,
            "primary_access_key": "p+Z3hp1sdtqTeuBXLYmuvUIsdSNkZYYI5gL0uR43Vxg2qgNsKVPgFjZri/yCvjOQEyzH1uG1Qjt6+AStak8JEw==",
            "primary_blob_connection_string": "DefaultEndpointsProtocol=https;BlobEndpoint=https://sairajstorage1.blob.core.windows.net/;AccountName=sairajstorage1;AccountKey=p+Z3hp1sdtqTeuBXLYmuvUIsdSNkZYYI5gL0uR43Vxg2qgNsKVPgFjZri/yCvjOQEyzH1uG1Qjt6+AStak8JEw==",
            "primary_blob_endpoint": "https://sairajstorage1.blob.core.windows.net/",
            "primary_blob_host": "sairajstorage1.blob.core.windows.net",
            "primary_connection_string": "DefaultEndpointsProtocol=https;AccountName=sairajstorage1;AccountKey=p+Z3hp1sdtqTeuBXLYmuvUIsdSNkZYYI5gL0uR43Vxg2qgNsKVPgFjZri/yCvjOQEyzH1uG1Qjt6+AStak8JEw==;EndpointSuffix=core.windows.net",
            "primary_dfs_endpoint": "https://sairajstorage1.dfs.core.windows.net/",
            "primary_dfs_host": "sairajstorage1.dfs.core.windows.net",
            "primary_file_endpoint": "https://sairajstorage1.file.core.windows.net/",
            "primary_file_host": "sairajstorage1.file.core.windows.net",
            "primary_location": "centralindia",
            "primary_queue_endpoint": "https://sairajstorage1.queue.core.windows.net/",
            "primary_queue_host": "sairajstorage1.queue.core.windows.net",
            "primary_table_endpoint": "https://sairajstorage1.table.core.windows.net/",
            "primary_table_host": "sairajstorage1.table.core.windows.net",
            "primary_web_endpoint": "https://sairajstorage1.z29.web.core.windows.net/",
            "primary_web_host": "sairajstorage1.z29.web.core.windows.net",
            "queue_encryption_key_type": "Service",
            "queue_properties": [
              {
                "cors_rule": [],
                "hour_metrics": [
                  {
                    "enabled": true,
                    "include_apis": true,
                    "retention_policy_days": 7,
                    "version": "1.0"
                  }
                ],
                "logging": [
                  {
                    "delete": false,
                    "read": false,
                    "retention_policy_days": 0,
                    "version": "1.0",
                    "write": false
                  }
                ],
                "minute_metrics": [
                  {
                    "enabled": false,
                    "include_apis": false,
                    "retention_policy_days": 0,
                    "version": "1.0"
                  }
                ]
              }
            ],
            "resource_group_name": "sairaj-resources",
            "routing": [],
            "secondary_access_key": "JV7pVY2ah/qWQHo3fGaUhyKrClqQFLJkfhPOfYriTjv3FNt0JRoTLzMB7LFMc5ieYc08t9KhxMEe+AStD2CiBw==",
            "secondary_blob_connection_string": "",
            "secondary_blob_endpoint": null,
            "secondary_blob_host": null,
            "secondary_connection_string": "DefaultEndpointsProtocol=https;AccountName=sairajstorage1;AccountKey=JV7pVY2ah/qWQHo3fGaUhyKrClqQFLJkfhPOfYriTjv3FNt0JRoTLzMB7LFMc5ieYc08t9KhxMEe+AStD2CiBw==;EndpointSuffix=core.windows.net",
            "secondary_dfs_endpoint": null,
            "secondary_dfs_host": null,
            "secondary_file_endpoint": null,
            "secondary_file_host": null,
            "secondary_location": "",
            "secondary_queue_endpoint": null,
            "secondary_queue_host": null,
            "secondary_table_endpoint": null,
            "secondary_table_host": null,
            "secondary_web_endpoint": null,
            "secondary_web_host": null,
            "share_properties": [
              {
                "cors_rule": [],
                "retention_policy": [
                  {
                    "days": 7
                  }
                ],
                "smb": []
              }
            ],
            "shared_access_key_enabled": true,
            "static_website": [],
            "table_encryption_key_type": "Service",
            "tags": {
              "environment": "dev"
            },
            "timeouts": null
          },
          "sensitive_attributes": [],
          "private": "eyJlMmJmYjczMC1lY2FhLTExZTYtOGY4OC0zNDM2M2JjN2M0YzAiOnsiY3JlYXRlIjozNjAwMDAwMDAwMDAwLCJkZWxldGUiOjM2MDAwMDAwMDAwMDAsInJlYWQiOjMwMDAwMDAwMDAwMCwidXBkYXRlIjozNjAwMDAwMDAwMDAwfSwic2NoZW1hX3ZlcnNpb24iOiIyIn0=",
          "dependencies": [
            "azurerm_resource_group.sairaj-rg"
          ]
        }
      ]
    },
    {
      "mode": "managed",
      "type": "azurerm_storage_container",
      "name": "sairaj-container",
      "provider": "provider[\"registry.terraform.io/hashicorp/azurerm\"]",
      "instances": [
        {
          "schema_version": 1,
          "attributes": {
            "container_access_type": "private",
            "has_immutability_policy": false,
            "has_legal_hold": false,
            "id": "https://sairajstorage1.blob.core.windows.net/sairaj-container",
            "metadata": {},
            "name": "sairaj-container",
            "resource_manager_id": "/subscriptions/0d9042d5-8a0b-4324-b11b-6995dd814e05/resourceGroups/sairaj-resources/providers/Microsoft.Storage/storageAccounts/sairajstorage1/blobServices/default/containers/sairaj-container",
            "storage_account_name": "sairajstorage1",
            "timeouts": null
          },
          "sensitive_attributes": [],
          "private": "eyJlMmJmYjczMC1lY2FhLTExZTYtOGY4OC0zNDM2M2JjN2M0YzAiOnsiY3JlYXRlIjoxODAwMDAwMDAwMDAwLCJkZWxldGUiOjE4MDAwMDAwMDAwMDAsInJlYWQiOjMwMDAwMDAwMDAwMCwidXBkYXRlIjoxODAwMDAwMDAwMDAwfSwic2NoZW1hX3ZlcnNpb24iOiIxIn0=",
          "dependencies": [
            "azurerm_resource_group.sairaj-rg",
            "azurerm_storage_account.sairaj-storage"
          ]
        }
      ]
    },
    {
      "mode": "managed",
      "type": "azurerm_subnet",
      "name": "sairaj-subnet",
      "provider": "provider[\"registry.terraform.io/hashicorp/azurerm\"]",
      "instances": [
        {
          "schema_version": 0,
          "attributes": {
            "address_prefix": "10.123.1.0/24",
            "address_prefixes": [
              "10.123.1.0/24"
            ],
            "delegation": [],
            "enforce_private_link_endpoint_network_policies": false,
            "enforce_private_link_service_network_policies": false,
            "id": "/subscriptions/0d9042d5-8a0b-4324-b11b-6995dd814e05/resourceGroups/sairaj-resources/providers/Microsoft.Network/virtualNetworks/sairaj-network/subnets/sairaj-subnet",
            "name": "sairaj-subnet",
            "resource_group_name": "sairaj-resources",
            "service_endpoint_policy_ids": [],
            "service_endpoints": [],
            "timeouts": null,
            "virtual_network_name": "sairaj-network"
          },
          "sensitive_attributes": [],
          "private": "eyJlMmJmYjczMC1lY2FhLTExZTYtOGY4OC0zNDM2M2JjN2M0YzAiOnsiY3JlYXRlIjoxODAwMDAwMDAwMDAwLCJkZWxldGUiOjE4MDAwMDAwMDAwMDAsInJlYWQiOjMwMDAwMDAwMDAwMCwidXBkYXRlIjoxODAwMDAwMDAwMDAwfX0=",
          "dependencies": [
            "azurerm_resource_group.sairaj-rg",
            "azurerm_virtual_network.sairaj-vn"
          ]
        }
      ]
    },
    {
      "mode": "managed",
      "type": "azurerm_subnet_network_security_group_association",
      "name": "sairaj-sga",
      "provider": "provider[\"registry.terraform.io/hashicorp/azurerm\"]",
      "instances": [
        {
          "schema_version": 0,
          "attributes": {
            "id": "/subscriptions/0d9042d5-8a0b-4324-b11b-6995dd814e05/resourceGroups/sairaj-resources/providers/Microsoft.Network/virtualNetworks/sairaj-network/subnets/sairaj-subnet",
            "network_security_group_id": "/subscriptions/0d9042d5-8a0b-4324-b11b-6995dd814e05/resourceGroups/sairaj-resources/providers/Microsoft.Network/networkSecurityGroups/sairaj-sg",
            "subnet_id": "/subscriptions/0d9042d5-8a0b-4324-b11b-6995dd814e05/resourceGroups/sairaj-resources/providers/Microsoft.Network/virtualNetworks/sairaj-network/subnets/sairaj-subnet",
            "timeouts": null
          },
          "sensitive_attributes": [],
          "private": "eyJlMmJmYjczMC1lY2FhLTExZTYtOGY4OC0zNDM2M2JjN2M0YzAiOnsiY3JlYXRlIjoxODAwMDAwMDAwMDAwLCJkZWxldGUiOjE4MDAwMDAwMDAwMDAsInJlYWQiOjMwMDAwMDAwMDAwMCwidXBkYXRlIjoxODAwMDAwMDAwMDAwfX0=",
          "dependencies": [
            "azurerm_network_security_group.sairaj-nsg",
            "azurerm_resource_group.sairaj-rg",
            "azurerm_subnet.sairaj-subnet",
            "azurerm_virtual_network.sairaj-vn"
          ]
        }
      ]
    },
    {
      "mode": "managed",
      "type": "azurerm_virtual_network",
      "name": "sairaj-vn",
      "provider": "provider[\"registry.terraform.io/hashicorp/azurerm\"]",
      "instances": [
        {
          "schema_version": 0,
          "attributes": {
            "address_space": [
              "10.123.0.0/16"
            ],
            "bgp_community": "",
            "ddos_protection_plan": [],
            "dns_servers": [],
            "flow_timeout_in_minutes": 0,
            "guid": "ccebcdf9-a5af-406e-926c-7c86c3001c35",
            "id": "/subscriptions/0d9042d5-8a0b-4324-b11b-6995dd814e05/resourceGroups/sairaj-resources/providers/Microsoft.Network/virtualNetworks/sairaj-network",
            "location": "centralindia",
            "name": "sairaj-network",
            "resource_group_name": "sairaj-resources",
            "subnet": [
              {
                "address_prefix": "10.123.1.0/24",
                "id": "/subscriptions/0d9042d5-8a0b-4324-b11b-6995dd814e05/resourceGroups/sairaj-resources/providers/Microsoft.Network/virtualNetworks/sairaj-network/subnets/sairaj-subnet",
                "name": "sairaj-subnet",
                "security_group": "/subscriptions/0d9042d5-8a0b-4324-b11b-6995dd814e05/resourceGroups/sairaj-resources/providers/Microsoft.Network/networkSecurityGroups/sairaj-sg"
              }
            ],
            "tags": {
              "environment": "dev"
            },
            "timeouts": null,
            "vm_protection_enabled": false
          },
          "sensitive_attributes": [],
          "private": "eyJlMmJmYjczMC1lY2FhLTExZTYtOGY4OC0zNDM2M2JjN2M0YzAiOnsiY3JlYXRlIjoxODAwMDAwMDAwMDAwLCJkZWxldGUiOjE4MDAwMDAwMDAwMDAsInJlYWQiOjMwMDAwMDAwMDAwMCwidXBkYXRlIjoxODAwMDAwMDAwMDAwfX0=",
          "dependencies": [
            "azurerm_resource_group.sairaj-rg"
          ]
        }
      ]
    }
  ],
  "check_results": null
}
